
Microsoft Visual Studio Solution File, Format Version 12.00
# Visual Studio 15
VisualStudioVersion = 15.0.26730.12
MinimumVisualStudioVersion = 10.0.40219.1
Project("{FAE04EC0-301F-11D3-BF4B-00C04F79EFBC}") = "Simulator", "Simulator\Simulator.csproj", "{9F9688F0-10B4-4E33-A9AE-3D2B62F082F8}"
EndProject
Project("{DA7A21FA-8162-4350-AD77-A8D1B671F3ED}") = "PricingModel", "PricingModel\PricingModel.rxproj", "{217CF582-4E58-470F-BD85-C431D84BC2D3}"
EndProject
Project("{FAE04EC0-301F-11D3-BF4B-00C04F79EFBC}") = "DeviceControlConsole", "DeviceControlConsole\DeviceControlConsole.csproj", "{0DD7BECF-41FB-4617-B582-EB4CF4D600F4}"
EndProject
Project("{2150E333-8FDC-42A3-9474-1A3956D46DE8}") = "SQL Scripts", "SQL Scripts", "{E33E0668-614A-43BE-9E93-80299C444C00}"
	ProjectSection(SolutionItems) = preProject
		Create Table.sql = Create Table.sql
	EndProjectSection
EndProject
Project("{FAE04EC0-301F-11D3-BF4B-00C04F79EFBC}") = "IO.Swagger", "IO.Swagger\IO.Swagger.csproj", "{420DA21A-04AF-494E-AD55-6921E742972F}"
EndProject
Global
	GlobalSection(SolutionConfigurationPlatforms) = preSolution
		Debug|Any CPU = Debug|Any CPU
		Release|Any CPU = Release|Any CPU
	EndGlobalSection
	GlobalSection(ProjectConfigurationPlatforms) = postSolution
		{9F9688F0-10B4-4E33-A9AE-3D2B62F082F8}.Debug|Any CPU.ActiveCfg = Debug|Any CPU
		{9F9688F0-10B4-4E33-A9AE-3D2B62F082F8}.Debug|Any CPU.Build.0 = Debug|Any CPU
		{9F9688F0-10B4-4E33-A9AE-3D2B62F082F8}.Release|Any CPU.ActiveCfg = Release|Any CPU
		{9F9688F0-10B4-4E33-A9AE-3D2B62F082F8}.Release|Any CPU.Build.0 = Release|Any CPU
		{217CF582-4E58-470F-BD85-C431D84BC2D3}.Debug|Any CPU.ActiveCfg = Debug|Any CPU
		{217CF582-4E58-470F-BD85-C431D84BC2D3}.Debug|Any CPU.Build.0 = Debug|Any CPU
		{217CF582-4E58-470F-BD85-C431D84BC2D3}.Release|Any CPU.ActiveCfg = Release|Any CPU
		{217CF582-4E58-470F-BD85-C431D84BC2D3}.Release|Any CPU.Build.0 = Release|Any CPU
		{0DD7BECF-41FB-4617-B582-EB4CF4D600F4}.Debug|Any CPU.ActiveCfg = Debug|Any CPU
		{0DD7BECF-41FB-4617-B582-EB4CF4D600F4}.Debug|Any CPU.Build.0 = Debug|Any CPU
		{0DD7BECF-41FB-4617-B582-EB4CF4D600F4}.Release|Any CPU.ActiveCfg = Release|Any CPU
		{0DD7BECF-41FB-4617-B582-EB4CF4D600F4}.Release|Any CPU.Build.0 = Release|Any CPU
		{420DA21A-04AF-494E-AD55-6921E742972F}.Debug|Any CPU.ActiveCfg = Debug|Any CPU
		{420DA21A-04AF-494E-AD55-6921E742972F}.Debug|Any CPU.Build.0 = Debug|Any CPU
		{420DA21A-04AF-494E-AD55-6921E742972F}.Release|Any CPU.ActiveCfg = Release|Any CPU
		{420DA21A-04AF-494E-AD55-6921E742972F}.Release|Any CPU.Build.0 = Release|Any CPU
	EndGlobalSection
	GlobalSection(SolutionProperties) = preSolution
		HideSolutionNode = FALSE
	EndGlobalSection
	GlobalSection(ExtensibilityGlobals) = postSolution
		EnterpriseLibraryConfigurationToolBinariesPathV6 = packages\EnterpriseLibrary.TransientFaultHandling.6.0.1304.0\lib\portable-net45+win+wp8
		SolutionGuid = {3C8AC72B-B003-4594-960D-353D1D03B7F6}
	EndGlobalSection
EndGlobal
